<?xml version="1.0" encoding="utf-8"?>
<Project ToolsVersion="4.0" xmlns="http://schemas.microsoft.com/developer/msbuild/2003">
  <ItemGroup>
    <Filter Include="Source Files">
      <UniqueIdentifier>{4FC737F1-C7A5-4376-A066-2A32D752A2FF}</UniqueIdentifier>
      <Extensions>cpp;c;cc;cxx;c++;cppm;ixx;def;odl;idl;hpj;bat;asm;asmx</Extensions>
    </Filter>
    <Filter Include="Header Files">
      <UniqueIdentifier>{93995380-89BD-4b04-88EB-625FBE52EBFB}</UniqueIdentifier>
      <Extensions>h;hh;hpp;hxx;h++;hm;inl;inc;ipp;xsd</Extensions>
    </Filter>
    <Filter Include="Resource Files">
      <UniqueIdentifier>{67DA6AB6-F800-4c08-8B7A-83BB121AAD01}</UniqueIdentifier>
      <Extensions>rc;ico;cur;bmp;dlg;rc2;rct;bin;rgs;gif;jpg;jpeg;jpe;resx;tiff;tif;png;wav;mfcribbon-ms</Extensions>
    </Filter>
    <Filter Include="Header Files\codegen">
      <UniqueIdentifier>{754c1364-5533-49ea-bc09-3f56b857d177}</UniqueIdentifier>
    </Filter>
    <Filter Include="Source Files\codegen">
      <UniqueIdentifier>{8b9a9d91-3e06-44e3-9c8b-de85443d9317}</UniqueIdentifier>
    </Filter>
  </ItemGroup>
  <ItemGroup>
    <ClInclude Include="include\simd.hpp">
      <Filter>Header Files</Filter>
    </ClInclude>
    <ClInclude Include="include\threading.hpp">
      <Filter>Header Files</Filter>
    </ClInclude>
    <ClInclude Include="include\utils.hpp">
      <Filter>Header Files</Filter>
    </ClInclude>
    <ClInclude Include="include\codegen\rv_generator.hpp">
      <Filter>Header Files\codegen</Filter>
    </ClInclude>
    <ClInclude Include="include\codegen\rv_nodetype.hpp">
      <Filter>Header Files\codegen</Filter>
    </ClInclude>
    <ClInclude Include="include\codegen\avx_buffer.hpp">
      <Filter>Header Files\codegen</Filter>
    </ClInclude>
    <ClInclude Include="include\disassembler.h">
      <Filter>Header Files</Filter>
    </ClInclude>
    <ClInclude Include="include\codegen\rv_generator_avx.hpp">
      <Filter>Header Files\codegen</Filter>
    </ClInclude>
  </ItemGroup>
  <ItemGroup>
    <ClCompile Include="src\codegen\rv_generator.cpp">
      <Filter>Source Files\codegen</Filter>
    </ClCompile>
    <ClCompile Include="src\main.cpp">
      <Filter>Source Files</Filter>
    </ClCompile>
    <ClCompile Include="src\disassembler.cpp">
      <Filter>Source Files</Filter>
    </ClCompile>
    <ClCompile Include="src\codegen\rv_generator_avx.cpp">
      <Filter>Source Files\codegen</Filter>
    </ClCompile>
  </ItemGroup>
  <ItemGroup>
    <None Include="meson.build" />
  </ItemGroup>
  <ItemGroup>
    <Natvis Include="avx_buffer.natvis">
      <Filter>Header Files\codegen</Filter>
    </Natvis>
  </ItemGroup>
</Project>